// !$*UTF8*$!
{
	archiveVersion = 1;
	classes = {
	};
	objectVersion = 50;
	objects = {

/* Begin PBXBuildFile section */
		5C02DDB9222B39490038E4CF /* Themes.m in Sources */ = {isa = PBXBuildFile; fileRef = 5C02DDB8222B39490038E4CF /* Themes.m */; };
		5C077C9722105C550081F3DD /* AppDelegate.swift in Sources */ = {isa = PBXBuildFile; fileRef = 5C077C9622105C550081F3DD /* AppDelegate.swift */; };
		5C077C9922105C550081F3DD /* ProfileViewController.swift in Sources */ = {isa = PBXBuildFile; fileRef = 5C077C9822105C550081F3DD /* ProfileViewController.swift */; };
		5C077C9C22105C550081F3DD /* Main.storyboard in Resources */ = {isa = PBXBuildFile; fileRef = 5C077C9A22105C550081F3DD /* Main.storyboard */; };
		5C077C9E22105C560081F3DD /* Assets.xcassets in Resources */ = {isa = PBXBuildFile; fileRef = 5C077C9D22105C560081F3DD /* Assets.xcassets */; };
		5C077CA122105C560081F3DD /* LaunchScreen.storyboard in Resources */ = {isa = PBXBuildFile; fileRef = 5C077C9F22105C560081F3DD /* LaunchScreen.storyboard */; };
		5C3874E92222AFF50041E5F3 /* MessageTableViewCell.swift in Sources */ = {isa = PBXBuildFile; fileRef = 5C3874E82222AFF50041E5F3 /* MessageTableViewCell.swift */; };
		5C4AACFB222292C400EAB2ED /* ConversationViewController.swift in Sources */ = {isa = PBXBuildFile; fileRef = 5C4AACFA222292C400EAB2ED /* ConversationViewController.swift */; };
		5C6284752221AE6900726D44 /* ConversationsListViewController.swift in Sources */ = {isa = PBXBuildFile; fileRef = 5C6284742221AE6900726D44 /* ConversationsListViewController.swift */; };
		5C6284782221B10200726D44 /* ChatWindowTableViewCell.swift in Sources */ = {isa = PBXBuildFile; fileRef = 5C6284762221B10200726D44 /* ChatWindowTableViewCell.swift */; };
		5C6BE14322383B4000C7819D /* GCDDataManager.swift in Sources */ = {isa = PBXBuildFile; fileRef = 5C6BE14222383B4000C7819D /* GCDDataManager.swift */; };
		5C6BE14522383B4E00C7819D /* OperationDataManager.swift in Sources */ = {isa = PBXBuildFile; fileRef = 5C6BE14422383B4E00C7819D /* OperationDataManager.swift */; };
		5C6BE14722383C6500C7819D /* DataManagerProtocol.swift in Sources */ = {isa = PBXBuildFile; fileRef = 5C6BE14622383C6500C7819D /* DataManagerProtocol.swift */; };
		5C6BE14922384B6100C7819D /* User.swift in Sources */ = {isa = PBXBuildFile; fileRef = 5C6BE14822384B6100C7819D /* User.swift */; };
		5C6BE14B22384B8100C7819D /* UserManager.swift in Sources */ = {isa = PBXBuildFile; fileRef = 5C6BE14A22384B8100C7819D /* UserManager.swift */; };
		5CFB068F222E96C600AB54EB /* ThemesViewController.m in Sources */ = {isa = PBXBuildFile; fileRef = 5C02DDB5222B38D80038E4CF /* ThemesViewController.m */; };
/* End PBXBuildFile section */

/* Begin PBXFileReference section */
		5C02DDAD222B2AD90038E4CF /* ThemesViewController.h */ = {isa = PBXFileReference; lastKnownFileType = sourcecode.c.h; path = ThemesViewController.h; sourceTree = "<group>"; };
		5C02DDB4222B38D80038E4CF /* Tigram-Bridging-Header.h */ = {isa = PBXFileReference; lastKnownFileType = sourcecode.c.h; path = "Tigram-Bridging-Header.h"; sourceTree = "<group>"; };
		5C02DDB5222B38D80038E4CF /* ThemesViewController.m */ = {isa = PBXFileReference; lastKnownFileType = sourcecode.c.objc; path = ThemesViewController.m; sourceTree = "<group>"; };
		5C02DDB7222B393F0038E4CF /* Themes.h */ = {isa = PBXFileReference; lastKnownFileType = sourcecode.c.h; path = Themes.h; sourceTree = "<group>"; };
		5C02DDB8222B39490038E4CF /* Themes.m */ = {isa = PBXFileReference; lastKnownFileType = sourcecode.c.objc; path = Themes.m; sourceTree = "<group>"; };
		5C02DDBA222B3AB70038E4CF /* ThemesViewControllerDelegate.h */ = {isa = PBXFileReference; lastKnownFileType = sourcecode.c.h; path = ThemesViewControllerDelegate.h; sourceTree = "<group>"; };
		5C077C9322105C550081F3DD /* Tigram.app */ = {isa = PBXFileReference; explicitFileType = wrapper.application; includeInIndex = 0; path = Tigram.app; sourceTree = BUILT_PRODUCTS_DIR; };
		5C077C9622105C550081F3DD /* AppDelegate.swift */ = {isa = PBXFileReference; lastKnownFileType = sourcecode.swift; path = AppDelegate.swift; sourceTree = "<group>"; };
		5C077C9822105C550081F3DD /* ProfileViewController.swift */ = {isa = PBXFileReference; lastKnownFileType = sourcecode.swift; path = ProfileViewController.swift; sourceTree = "<group>"; };
		5C077C9B22105C550081F3DD /* Base */ = {isa = PBXFileReference; lastKnownFileType = file.storyboard; name = Base; path = Base.lproj/Main.storyboard; sourceTree = "<group>"; };
		5C077C9D22105C560081F3DD /* Assets.xcassets */ = {isa = PBXFileReference; lastKnownFileType = folder.assetcatalog; path = Assets.xcassets; sourceTree = "<group>"; };
		5C077CA022105C560081F3DD /* Base */ = {isa = PBXFileReference; lastKnownFileType = file.storyboard; name = Base; path = Base.lproj/LaunchScreen.storyboard; sourceTree = "<group>"; };
		5C077CA222105C560081F3DD /* Info.plist */ = {isa = PBXFileReference; lastKnownFileType = text.plist.xml; path = Info.plist; sourceTree = "<group>"; };
		5C348416222E739F00020CC8 /* ThemesViewController.swift */ = {isa = PBXFileReference; lastKnownFileType = sourcecode.swift; path = ThemesViewController.swift; sourceTree = "<group>"; };
		5C3874E82222AFF50041E5F3 /* MessageTableViewCell.swift */ = {isa = PBXFileReference; lastKnownFileType = sourcecode.swift; path = MessageTableViewCell.swift; sourceTree = "<group>"; };
		5C4AACFA222292C400EAB2ED /* ConversationViewController.swift */ = {isa = PBXFileReference; lastKnownFileType = sourcecode.swift; path = ConversationViewController.swift; sourceTree = "<group>"; };
		5C6284742221AE6900726D44 /* ConversationsListViewController.swift */ = {isa = PBXFileReference; lastKnownFileType = sourcecode.swift; path = ConversationsListViewController.swift; sourceTree = "<group>"; };
		5C6284762221B10200726D44 /* ChatWindowTableViewCell.swift */ = {isa = PBXFileReference; lastKnownFileType = sourcecode.swift; path = ChatWindowTableViewCell.swift; sourceTree = "<group>"; };
		5C6BE14222383B4000C7819D /* GCDDataManager.swift */ = {isa = PBXFileReference; lastKnownFileType = sourcecode.swift; path = GCDDataManager.swift; sourceTree = "<group>"; };
		5C6BE14422383B4E00C7819D /* OperationDataManager.swift */ = {isa = PBXFileReference; lastKnownFileType = sourcecode.swift; path = OperationDataManager.swift; sourceTree = "<group>"; };
		5C6BE14622383C6500C7819D /* DataManagerProtocol.swift */ = {isa = PBXFileReference; lastKnownFileType = sourcecode.swift; path = DataManagerProtocol.swift; sourceTree = "<group>"; };
		5C6BE14822384B6100C7819D /* User.swift */ = {isa = PBXFileReference; lastKnownFileType = sourcecode.swift; path = User.swift; sourceTree = "<group>"; };
		5C6BE14A22384B8100C7819D /* UserManager.swift */ = {isa = PBXFileReference; lastKnownFileType = sourcecode.swift; path = UserManager.swift; sourceTree = "<group>"; };
/* End PBXFileReference section */

/* Begin PBXFrameworksBuildPhase section */
		5C077C9022105C550081F3DD /* Frameworks */ = {
			isa = PBXFrameworksBuildPhase;
			buildActionMask = 2147483647;
			files = (
			);
			runOnlyForDeploymentPostprocessing = 0;
		};
/* End PBXFrameworksBuildPhase section */

/* Begin PBXGroup section */
		5C02DDAA222B29C60038E4CF /* Controllers */ = {
			isa = PBXGroup;
			children = (
				5C077C9822105C550081F3DD /* ProfileViewController.swift */,
				5C6284742221AE6900726D44 /* ConversationsListViewController.swift */,
				5C4AACFA222292C400EAB2ED /* ConversationViewController.swift */,
				5C02DDAD222B2AD90038E4CF /* ThemesViewController.h */,
				5C02DDB5222B38D80038E4CF /* ThemesViewController.m */,
				5C02DDB4222B38D80038E4CF /* Tigram-Bridging-Header.h */,
				5C02DDBA222B3AB70038E4CF /* ThemesViewControllerDelegate.h */,
				5C348416222E739F00020CC8 /* ThemesViewController.swift */,
			);
			path = Controllers;
			sourceTree = "<group>";
		};
		5C02DDAB222B29EC0038E4CF /* Models */ = {
			isa = PBXGroup;
			children = (
				5C6284762221B10200726D44 /* ChatWindowTableViewCell.swift */,
				5C3874E82222AFF50041E5F3 /* MessageTableViewCell.swift */,
				5C02DDB7222B393F0038E4CF /* Themes.h */,
				5C02DDB8222B39490038E4CF /* Themes.m */,
				5C6BE14222383B4000C7819D /* GCDDataManager.swift */,
				5C6BE14422383B4E00C7819D /* OperationDataManager.swift */,
				5C6BE14622383C6500C7819D /* DataManagerProtocol.swift */,
				5C6BE14822384B6100C7819D /* User.swift */,
				5C6BE14A22384B8100C7819D /* UserManager.swift */,
			);
			path = Models;
			sourceTree = "<group>";
		};
		5C02DDAC222B29F80038E4CF /* Views */ = {
			isa = PBXGroup;
			children = (
				5C077C9A22105C550081F3DD /* Main.storyboard */,
				5C077C9F22105C560081F3DD /* LaunchScreen.storyboard */,
			);
			path = Views;
			sourceTree = "<group>";
		};
		5C077C8A22105C550081F3DD = {
			isa = PBXGroup;
			children = (
				5C077C9522105C550081F3DD /* Tigram */,
				5C077C9422105C550081F3DD /* Products */,
			);
			sourceTree = "<group>";
		};
		5C077C9422105C550081F3DD /* Products */ = {
			isa = PBXGroup;
			children = (
				5C077C9322105C550081F3DD /* Tigram.app */,
			);
			name = Products;
			sourceTree = "<group>";
		};
		5C077C9522105C550081F3DD /* Tigram */ = {
			isa = PBXGroup;
			children = (
				5C02DDAB222B29EC0038E4CF /* Models */,
				5C077C9622105C550081F3DD /* AppDelegate.swift */,
				5C02DDAA222B29C60038E4CF /* Controllers */,
				5C02DDAC222B29F80038E4CF /* Views */,
				5C077C9D22105C560081F3DD /* Assets.xcassets */,
				5C077CA222105C560081F3DD /* Info.plist */,
			);
			path = Tigram;
			sourceTree = "<group>";
		};
/* End PBXGroup section */

/* Begin PBXNativeTarget section */
		5C077C9222105C550081F3DD /* Tigram */ = {
			isa = PBXNativeTarget;
			buildConfigurationList = 5C077CA522105C560081F3DD /* Build configuration list for PBXNativeTarget "Tigram" */;
			buildPhases = (
				5C077C8F22105C550081F3DD /* Sources */,
				5C077C9022105C550081F3DD /* Frameworks */,
				5C077C9122105C550081F3DD /* Resources */,
			);
			buildRules = (
			);
			dependencies = (
			);
			name = Tigram;
			productName = Tigram;
			productReference = 5C077C9322105C550081F3DD /* Tigram.app */;
			productType = "com.apple.product-type.application";
		};
/* End PBXNativeTarget section */

/* Begin PBXProject section */
		5C077C8B22105C550081F3DD /* Project object */ = {
			isa = PBXProject;
			attributes = {
				LastSwiftUpdateCheck = 1010;
				LastUpgradeCheck = 1010;
				ORGANIZATIONNAME = "Margarita Konnova";
				TargetAttributes = {
					5C077C9222105C550081F3DD = {
						CreatedOnToolsVersion = 10.1;
						LastSwiftMigration = 1010;
					};
				};
			};
			buildConfigurationList = 5C077C8E22105C550081F3DD /* Build configuration list for PBXProject "Tigram" */;
			compatibilityVersion = "Xcode 9.3";
			developmentRegion = en;
			hasScannedForEncodings = 0;
			knownRegions = (
				en,
				Base,
			);
			mainGroup = 5C077C8A22105C550081F3DD;
			productRefGroup = 5C077C9422105C550081F3DD /* Products */;
			projectDirPath = "";
			projectRoot = "";
			targets = (
				5C077C9222105C550081F3DD /* Tigram */,
			);
		};
/* End PBXProject section */

/* Begin PBXResourcesBuildPhase section */
		5C077C9122105C550081F3DD /* Resources */ = {
			isa = PBXResourcesBuildPhase;
			buildActionMask = 2147483647;
			files = (
				5C077CA122105C560081F3DD /* LaunchScreen.storyboard in Resources */,
				5C077C9E22105C560081F3DD /* Assets.xcassets in Resources */,
				5C077C9C22105C550081F3DD /* Main.storyboard in Resources */,
			);
			runOnlyForDeploymentPostprocessing = 0;
		};
/* End PBXResourcesBuildPhase section */

/* Begin PBXSourcesBuildPhase section */
		5C077C8F22105C550081F3DD /* Sources */ = {
			isa = PBXSourcesBuildPhase;
			buildActionMask = 2147483647;
			files = (
				5C02DDB9222B39490038E4CF /* Themes.m in Sources */,
				5C6BE14522383B4E00C7819D /* OperationDataManager.swift in Sources */,
				5C077C9922105C550081F3DD /* ProfileViewController.swift in Sources */,
				5C6BE14B22384B8100C7819D /* UserManager.swift in Sources */,
				5C6BE14722383C6500C7819D /* DataManagerProtocol.swift in Sources */,
				5C077C9722105C550081F3DD /* AppDelegate.swift in Sources */,
				5C4AACFB222292C400EAB2ED /* ConversationViewController.swift in Sources */,
				5C6284752221AE6900726D44 /* ConversationsListViewController.swift in Sources */,
				5C6284782221B10200726D44 /* ChatWindowTableViewCell.swift in Sources */,
				5C6BE14922384B6100C7819D /* User.swift in Sources */,
				5C6BE14322383B4000C7819D /* GCDDataManager.swift in Sources */,
				5CFB068F222E96C600AB54EB /* ThemesViewController.m in Sources */,
				5C3874E92222AFF50041E5F3 /* MessageTableViewCell.swift in Sources */,
			);
			runOnlyForDeploymentPostprocessing = 0;
		};
/* End PBXSourcesBuildPhase section */

/* Begin PBXVariantGroup section */
		5C077C9A22105C550081F3DD /* Main.storyboard */ = {
			isa = PBXVariantGroup;
			children = (
				5C077C9B22105C550081F3DD /* Base */,
			);
			name = Main.storyboard;
			sourceTree = "<group>";
		};
		5C077C9F22105C560081F3DD /* LaunchScreen.storyboard */ = {
			isa = PBXVariantGroup;
			children = (
				5C077CA022105C560081F3DD /* Base */,
			);
			name = LaunchScreen.storyboard;
			sourceTree = "<group>";
		};
/* End PBXVariantGroup section */

/* Begin XCBuildConfiguration section */
		5C077CA322105C560081F3DD /* Debug */ = {
			isa = XCBuildConfiguration;
			buildSettings = {
				ALWAYS_SEARCH_USER_PATHS = NO;
				CLANG_ANALYZER_NONNULL = YES;
				CLANG_ANALYZER_NUMBER_OBJECT_CONVERSION = YES_AGGRESSIVE;
				CLANG_CXX_LANGUAGE_STANDARD = "gnu++14";
				CLANG_CXX_LIBRARY = "libc++";
				CLANG_ENABLE_MODULES = YES;
				CLANG_ENABLE_OBJC_ARC = YES;
				CLANG_ENABLE_OBJC_WEAK = YES;
				CLANG_WARN_BLOCK_CAPTURE_AUTORELEASING = YES;
				CLANG_WARN_BOOL_CONVERSION = YES;
				CLANG_WARN_COMMA = YES;
				CLANG_WARN_CONSTANT_CONVERSION = YES;
				CLANG_WARN_DEPRECATED_OBJC_IMPLEMENTATIONS = YES;
				CLANG_WARN_DIRECT_OBJC_ISA_USAGE = YES_ERROR;
				CLANG_WARN_DOCUMENTATION_COMMENTS = YES;
				CLANG_WARN_EMPTY_BODY = YES;
				CLANG_WARN_ENUM_CONVERSION = YES;
				CLANG_WARN_INFINITE_RECURSION = YES;
				CLANG_WARN_INT_CONVERSION = YES;
				CLANG_WARN_NON_LITERAL_NULL_CONVERSION = YES;
				CLANG_WARN_OBJC_IMPLICIT_RETAIN_SELF = YES;
				CLANG_WARN_OBJC_LITERAL_CONVERSION = YES;
				CLANG_WARN_OBJC_ROOT_CLASS = YES_ERROR;
				CLANG_WARN_RANGE_LOOP_ANALYSIS = YES;
				CLANG_WARN_STRICT_PROTOTYPES = YES;
				CLANG_WARN_SUSPICIOUS_MOVE = YES;
				CLANG_WARN_UNGUARDED_AVAILABILITY = YES_AGGRESSIVE;
				CLANG_WARN_UNREACHABLE_CODE = YES;
				CLANG_WARN__DUPLICATE_METHOD_MATCH = YES;
				CODE_SIGN_IDENTITY = "iPhone Developer";
				COPY_PHASE_STRIP = NO;
				DEBUG_INFORMATION_FORMAT = dwarf;
				ENABLE_STRICT_OBJC_MSGSEND = YES;
				ENABLE_TESTABILITY = YES;
				GCC_C_LANGUAGE_STANDARD = gnu11;
				GCC_DYNAMIC_NO_PIC = NO;
				GCC_NO_COMMON_BLOCKS = YES;
				GCC_OPTIMIZATION_LEVEL = 0;
				GCC_PREPROCESSOR_DEFINITIONS = (
					"DEBUG=1",
					"$(inherited)",
				);
				GCC_WARN_64_TO_32_BIT_CONVERSION = YES;
				GCC_WARN_ABOUT_RETURN_TYPE = YES_ERROR;
				GCC_WARN_UNDECLARED_SELECTOR = YES;
				GCC_WARN_UNINITIALIZED_AUTOS = YES_AGGRESSIVE;
				GCC_WARN_UNUSED_FUNCTION = YES;
				GCC_WARN_UNUSED_VARIABLE = YES;
				IPHONEOS_DEPLOYMENT_TARGET = 12.1;
				MTL_ENABLE_DEBUG_INFO = INCLUDE_SOURCE;
				MTL_FAST_MATH = YES;
				ONLY_ACTIVE_ARCH = YES;
				SDKROOT = iphoneos;
				SWIFT_ACTIVE_COMPILATION_CONDITIONS = DEBUG;
				SWIFT_OPTIMIZATION_LEVEL = "-Onone";
			};
			name = Debug;
		};
		5C077CA422105C560081F3DD /* Release */ = {
			isa = XCBuildConfiguration;
			buildSettings = {
				ALWAYS_SEARCH_USER_PATHS = NO;
				CLANG_ANALYZER_NONNULL = YES;
				CLANG_ANALYZER_NUMBER_OBJECT_CONVERSION = YES_AGGRESSIVE;
				CLANG_CXX_LANGUAGE_STANDARD = "gnu++14";
				CLANG_CXX_LIBRARY = "libc++";
				CLANG_ENABLE_MODULES = YES;
				CLANG_ENABLE_OBJC_ARC = YES;
				CLANG_ENABLE_OBJC_WEAK = YES;
				CLANG_WARN_BLOCK_CAPTURE_AUTORELEASING = YES;
				CLANG_WARN_BOOL_CONVERSION = YES;
				CLANG_WARN_COMMA = YES;
				CLANG_WARN_CONSTANT_CONVERSION = YES;
				CLANG_WARN_DEPRECATED_OBJC_IMPLEMENTATIONS = YES;
				CLANG_WARN_DIRECT_OBJC_ISA_USAGE = YES_ERROR;
				CLANG_WARN_DOCUMENTATION_COMMENTS = YES;
				CLANG_WARN_EMPTY_BODY = YES;
				CLANG_WARN_ENUM_CONVERSION = YES;
				CLANG_WARN_INFINITE_RECURSION = YES;
				CLANG_WARN_INT_CONVERSION = YES;
				CLANG_WARN_NON_LITERAL_NULL_CONVERSION = YES;
				CLANG_WARN_OBJC_IMPLICIT_RETAIN_SELF = YES;
				CLANG_WARN_OBJC_LITERAL_CONVERSION = YES;
				CLANG_WARN_OBJC_ROOT_CLASS = YES_ERROR;
				CLANG_WARN_RANGE_LOOP_ANALYSIS = YES;
				CLANG_WARN_STRICT_PROTOTYPES = YES;
				CLANG_WARN_SUSPICIOUS_MOVE = YES;
				CLANG_WARN_UNGUARDED_AVAILABILITY = YES_AGGRESSIVE;
				CLANG_WARN_UNREACHABLE_CODE = YES;
				CLANG_WARN__DUPLICATE_METHOD_MATCH = YES;
				CODE_SIGN_IDENTITY = "iPhone Developer";
				COPY_PHASE_STRIP = NO;
				DEBUG_INFORMATION_FORMAT = "dwarf-with-dsym";
				ENABLE_NS_ASSERTIONS = NO;
				ENABLE_STRICT_OBJC_MSGSEND = YES;
				GCC_C_LANGUAGE_STANDARD = gnu11;
				GCC_NO_COMMON_BLOCKS = YES;
				GCC_WARN_64_TO_32_BIT_CONVERSION = YES;
				GCC_WARN_ABOUT_RETURN_TYPE = YES_ERROR;
				GCC_WARN_UNDECLARED_SELECTOR = YES;
				GCC_WARN_UNINITIALIZED_AUTOS = YES_AGGRESSIVE;
				GCC_WARN_UNUSED_FUNCTION = YES;
				GCC_WARN_UNUSED_VARIABLE = YES;
				IPHONEOS_DEPLOYMENT_TARGET = 12.1;
				MTL_ENABLE_DEBUG_INFO = NO;
				MTL_FAST_MATH = YES;
				SDKROOT = iphoneos;
				SWIFT_COMPILATION_MODE = wholemodule;
				SWIFT_OPTIMIZATION_LEVEL = "-O";
				VALIDATE_PRODUCT = YES;
			};
			name = Release;
		};
		5C077CA622105C560081F3DD /* Debug */ = {
			isa = XCBuildConfiguration;
			buildSettings = {
				ASSETCATALOG_COMPILER_APPICON_NAME = AppIcon;
				CLANG_ENABLE_MODULES = YES;
				CLANG_ENABLE_OBJC_ARC = NO;
				CODE_SIGN_STYLE = Automatic;
				DEVELOPMENT_TEAM = 5H7FLBN3TP;
				INFOPLIST_FILE = Tigram/Info.plist;
				IPHONEOS_DEPLOYMENT_TARGET = 11.0;
				LD_RUNPATH_SEARCH_PATHS = (
					"$(inherited)",
					"@executable_path/Frameworks",
				);
				PRODUCT_BUNDLE_IDENTIFIER = tinkoff.fintech.ri.Tigram;
				PRODUCT_NAME = "$(TARGET_NAME)";
				SWIFT_OBJC_BRIDGING_HEADER = "Tigram/Controllers/Tigram-Bridging-Header.h";
				SWIFT_OPTIMIZATION_LEVEL = "-Onone";
				SWIFT_VERSION = 4.2;
				TARGETED_DEVICE_FAMILY = "1,2";
			};
			name = Debug;
		};
		5C077CA722105C560081F3DD /* Release */ = {
			isa = XCBuildConfiguration;
			buildSettings = {
				ASSETCATALOG_COMPILER_APPICON_NAME = AppIcon;
				CLANG_ENABLE_MODULES = YES;
				CLANG_ENABLE_OBJC_ARC = NO;
				CODE_SIGN_STYLE = Automatic;
				DEVELOPMENT_TEAM = 5H7FLBN3TP;
				INFOPLIST_FILE = Tigram/Info.plist;
				IPHONEOS_DEPLOYMENT_TARGET = 11.0;
				LD_RUNPATH_SEARCH_PATHS = (
					"$(inherited)",
					"@executable_path/Frameworks",
				);
				PRODUCT_BUNDLE_IDENTIFIER = tinkoff.fintech.ri.Tigram;
				PRODUCT_NAME = "$(TARGET_NAME)";
				SWIFT_OBJC_BRIDGING_HEADER = "Tigram/Controllers/Tigram-Bridging-Header.h";
				SWIFT_VERSION = 4.2;
				TARGETED_DEVICE_FAMILY = "1,2";
			};
			name = Release;
		};
/* End XCBuildConfiguration section */

/* Begin XCConfigurationList section */
		5C077C8E22105C550081F3DD /* Build configuration list for PBXProject "Tigram" */ = {
			isa = XCConfigurationList;
			buildConfigurations = (
				5C077CA322105C560081F3DD /* Debug */,
				5C077CA422105C560081F3DD /* Release */,
			);
			defaultConfigurationIsVisible = 0;
			defaultConfigurationName = Release;
		};
		5C077CA522105C560081F3DD /* Build configuration list for PBXNativeTarget "Tigram" */ = {
			isa = XCConfigurationList;
			buildConfigurations = (
				5C077CA622105C560081F3DD /* Debug */,
				5C077CA722105C560081F3DD /* Release */,
			);
			defaultConfigurationIsVisible = 0;
			defaultConfigurationName = Release;
		};
/* End XCConfigurationList section */
	};
	rootObject = 5C077C8B22105C550081F3DD /* Project object */;
}
