// !$*UTF8*$!
{
	archiveVersion = 1;
	classes = {
	};
	objectVersion = 50;
	objects = {

/* Begin PBXBuildFile section */
		5C02DDB9222B39490038E4CF /* Themes.m in Sources */ = {isa = PBXBuildFile; fileRef = 5C02DDB8222B39490038E4CF /* Themes.m */; };
		5C077C9722105C550081F3DD /* AppDelegate.swift in Sources */ = {isa = PBXBuildFile; fileRef = 5C077C9622105C550081F3DD /* AppDelegate.swift */; };
		5C077C9922105C550081F3DD /* ProfileViewController.swift in Sources */ = {isa = PBXBuildFile; fileRef = 5C077C9822105C550081F3DD /* ProfileViewController.swift */; };
		5C077C9C22105C550081F3DD /* Main.storyboard in Resources */ = {isa = PBXBuildFile; fileRef = 5C077C9A22105C550081F3DD /* Main.storyboard */; };
		5C077C9E22105C560081F3DD /* Assets.xcassets in Resources */ = {isa = PBXBuildFile; fileRef = 5C077C9D22105C560081F3DD /* Assets.xcassets */; };
		5C077CA122105C560081F3DD /* LaunchScreen.storyboard in Resources */ = {isa = PBXBuildFile; fileRef = 5C077C9F22105C560081F3DD /* LaunchScreen.storyboard */; };
		5C11918D225A8E420099138F /* MessageCellsService.swift in Sources */ = {isa = PBXBuildFile; fileRef = 5C11918C225A8E420099138F /* MessageCellsService.swift */; };
		5C119190225A93980099138F /* KeyboardServiceProtocol.swift in Sources */ = {isa = PBXBuildFile; fileRef = 5C11918F225A93980099138F /* KeyboardServiceProtocol.swift */; };
		5C119192225A939E0099138F /* KeyboardMessagesService.swift in Sources */ = {isa = PBXBuildFile; fileRef = 5C119191225A939E0099138F /* KeyboardMessagesService.swift */; };
		5C119194225A98F30099138F /* KeyboardProfileService.swift in Sources */ = {isa = PBXBuildFile; fileRef = 5C119193225A98F30099138F /* KeyboardProfileService.swift */; };
		5C1191A1225AA0580099138F /* MessageCellsServiceProtocol.swift in Sources */ = {isa = PBXBuildFile; fileRef = 5C1191A0225AA0580099138F /* MessageCellsServiceProtocol.swift */; };
		5C1191AF225AA3630099138F /* UserServiceProtocol.swift in Sources */ = {isa = PBXBuildFile; fileRef = 5C1191AE225AA3630099138F /* UserServiceProtocol.swift */; };
		5C1191B2225BE1EF0099138F /* ThemeServiceProtocol.swift in Sources */ = {isa = PBXBuildFile; fileRef = 5C1191B1225BE1EF0099138F /* ThemeServiceProtocol.swift */; };
		5C1191B5225BE2ED0099138F /* UserProtocol.swift in Sources */ = {isa = PBXBuildFile; fileRef = 5C1191B4225BE2ED0099138F /* UserProtocol.swift */; };
		5C1191B7225BE3B00099138F /* ThemesView.swift in Sources */ = {isa = PBXBuildFile; fileRef = 5C1191B6225BE3B00099138F /* ThemesView.swift */; };
		5C1191B8225BE42A0099138F /* ThemesViewController.swift in Sources */ = {isa = PBXBuildFile; fileRef = 5C348416222E739F00020CC8 /* ThemesViewController.swift */; };
		5C1191BB225BE9820099138F /* MultipeerCommunicatorProtocol.swift in Sources */ = {isa = PBXBuildFile; fileRef = 5C1191BA225BE9820099138F /* MultipeerCommunicatorProtocol.swift */; };
		5C1191BE225BE9E80099138F /* CoreDataManagerProtocol.swift in Sources */ = {isa = PBXBuildFile; fileRef = 5C1191BD225BE9E80099138F /* CoreDataManagerProtocol.swift */; };
		5C1191C1225BEC6B0099138F /* UserProfileCDServiceProtocol.swift in Sources */ = {isa = PBXBuildFile; fileRef = 5C1191C0225BEC6B0099138F /* UserProfileCDServiceProtocol.swift */; };
		5C3874E92222AFF50041E5F3 /* MessageTableViewCell.swift in Sources */ = {isa = PBXBuildFile; fileRef = 5C3874E82222AFF50041E5F3 /* MessageTableViewCell.swift */; };
		5C40D432224834630073E0FC /* CoreDataManager.swift in Sources */ = {isa = PBXBuildFile; fileRef = 5C40D431224834630073E0FC /* CoreDataManager.swift */; };
		5C40D434224838170073E0FC /* UserProfileData.swift in Sources */ = {isa = PBXBuildFile; fileRef = 5C40D433224838170073E0FC /* UserProfileData.swift */; };
		5C40D436224838470073E0FC /* UserProfileCDService.swift in Sources */ = {isa = PBXBuildFile; fileRef = 5C40D435224838470073E0FC /* UserProfileCDService.swift */; };
		5C40D4392248386D0073E0FC /* TigramStorage.xcdatamodeld in Sources */ = {isa = PBXBuildFile; fileRef = 5C40D4372248386D0073E0FC /* TigramStorage.xcdatamodeld */; };
		5C4AACFB222292C400EAB2ED /* ConversationViewController.swift in Sources */ = {isa = PBXBuildFile; fileRef = 5C4AACFA222292C400EAB2ED /* ConversationViewController.swift */; };
		5C6284752221AE6900726D44 /* ConversationsListViewController.swift in Sources */ = {isa = PBXBuildFile; fileRef = 5C6284742221AE6900726D44 /* ConversationsListViewController.swift */; };
		5C6284782221B10200726D44 /* ChatWindowTableViewCell.swift in Sources */ = {isa = PBXBuildFile; fileRef = 5C6284762221B10200726D44 /* ChatWindowTableViewCell.swift */; };
		5C6BE14322383B4000C7819D /* GCDDataService.swift in Sources */ = {isa = PBXBuildFile; fileRef = 5C6BE14222383B4000C7819D /* GCDDataService.swift */; };
		5C6BE14522383B4E00C7819D /* OperationDataService.swift in Sources */ = {isa = PBXBuildFile; fileRef = 5C6BE14422383B4E00C7819D /* OperationDataService.swift */; };
		5C6BE14722383C6500C7819D /* DataServiceProtocol.swift in Sources */ = {isa = PBXBuildFile; fileRef = 5C6BE14622383C6500C7819D /* DataServiceProtocol.swift */; };
		5C6BE16D223996B900C7819D /* ThemeService.swift in Sources */ = {isa = PBXBuildFile; fileRef = 5C6BE16C223996B900C7819D /* ThemeService.swift */; };
		5CA40DBA223ECB0700065200 /* MultipeerCommunicator.swift in Sources */ = {isa = PBXBuildFile; fileRef = 5CA40DB9223ECB0700065200 /* MultipeerCommunicator.swift */; };
		5CA40DBC223ECB2100065200 /* CommunicatorServiceProtocol.swift in Sources */ = {isa = PBXBuildFile; fileRef = 5CA40DBB223ECB2100065200 /* CommunicatorServiceProtocol.swift */; };
		5CA40DBE223ECB3800065200 /* CommunicatorService.swift in Sources */ = {isa = PBXBuildFile; fileRef = 5CA40DBD223ECB3800065200 /* CommunicatorService.swift */; };
		5CECAC202252B39300D8514B /* Message+CoreDataClass.swift in Sources */ = {isa = PBXBuildFile; fileRef = 5CECAC1C2252B39300D8514B /* Message+CoreDataClass.swift */; };
		5CECAC212252B39300D8514B /* Message+CoreDataProperties.swift in Sources */ = {isa = PBXBuildFile; fileRef = 5CECAC1D2252B39300D8514B /* Message+CoreDataProperties.swift */; };
		5CECAC222252B39300D8514B /* Conversation+CoreDataClass.swift in Sources */ = {isa = PBXBuildFile; fileRef = 5CECAC1E2252B39300D8514B /* Conversation+CoreDataClass.swift */; };
		5CECAC232252B39300D8514B /* Conversation+CoreDataProperties.swift in Sources */ = {isa = PBXBuildFile; fileRef = 5CECAC1F2252B39300D8514B /* Conversation+CoreDataProperties.swift */; };
		5CECAC2E2253F7A600D8514B /* User.swift in Sources */ = {isa = PBXBuildFile; fileRef = 5C6BE14822384B6100C7819D /* User.swift */; };
		5CECAC2F2253F7A800D8514B /* UserService.swift in Sources */ = {isa = PBXBuildFile; fileRef = 5C6BE14A22384B8100C7819D /* UserService.swift */; };
		5CECAC322253F7C100D8514B /* ChatUser+CoreDataClass.swift in Sources */ = {isa = PBXBuildFile; fileRef = 5CECAC302253F7C100D8514B /* ChatUser+CoreDataClass.swift */; };
		5CECAC332253F7C100D8514B /* ChatUser+CoreDataProperties.swift in Sources */ = {isa = PBXBuildFile; fileRef = 5CECAC312253F7C100D8514B /* ChatUser+CoreDataProperties.swift */; };
		5CECAC39225944B100D8514B /* FRCDelegate.swift in Sources */ = {isa = PBXBuildFile; fileRef = 5CECAC38225944B100D8514B /* FRCDelegate.swift */; };
		5CECAC3B22594B0700D8514B /* ProfileView.swift in Sources */ = {isa = PBXBuildFile; fileRef = 5CECAC3A22594B0700D8514B /* ProfileView.swift */; };
		621E36B7FA273CD361DD3B2A /* Pods_Tigram.framework in Frameworks */ = {isa = PBXBuildFile; fileRef = F52148FF529C8BBC43E903F3 /* Pods_Tigram.framework */; };
/* End PBXBuildFile section */

/* Begin PBXFileReference section */
		3D977DE183DC200EA93A7659 /* Pods-Tigram.debug.xcconfig */ = {isa = PBXFileReference; includeInIndex = 1; lastKnownFileType = text.xcconfig; name = "Pods-Tigram.debug.xcconfig"; path = "Target Support Files/Pods-Tigram/Pods-Tigram.debug.xcconfig"; sourceTree = "<group>"; };
		5C02DDAD222B2AD90038E4CF /* ThemesViewController.h */ = {isa = PBXFileReference; lastKnownFileType = sourcecode.c.h; path = ThemesViewController.h; sourceTree = "<group>"; };
		5C02DDB4222B38D80038E4CF /* Tigram-Bridging-Header.h */ = {isa = PBXFileReference; lastKnownFileType = sourcecode.c.h; path = "Tigram-Bridging-Header.h"; sourceTree = "<group>"; };
		5C02DDB5222B38D80038E4CF /* ThemesViewController.m */ = {isa = PBXFileReference; lastKnownFileType = sourcecode.c.objc; path = ThemesViewController.m; sourceTree = "<group>"; };
		5C02DDB7222B393F0038E4CF /* Themes.h */ = {isa = PBXFileReference; lastKnownFileType = sourcecode.c.h; path = Themes.h; sourceTree = "<group>"; };
		5C02DDB8222B39490038E4CF /* Themes.m */ = {isa = PBXFileReference; lastKnownFileType = sourcecode.c.objc; path = Themes.m; sourceTree = "<group>"; };
		5C02DDBA222B3AB70038E4CF /* ThemesViewControllerDelegate.h */ = {isa = PBXFileReference; lastKnownFileType = sourcecode.c.h; path = ThemesViewControllerDelegate.h; sourceTree = "<group>"; };
		5C077C9322105C550081F3DD /* Tigram.app */ = {isa = PBXFileReference; explicitFileType = wrapper.application; includeInIndex = 0; path = Tigram.app; sourceTree = BUILT_PRODUCTS_DIR; };
		5C077C9622105C550081F3DD /* AppDelegate.swift */ = {isa = PBXFileReference; lastKnownFileType = sourcecode.swift; path = AppDelegate.swift; sourceTree = "<group>"; };
		5C077C9822105C550081F3DD /* ProfileViewController.swift */ = {isa = PBXFileReference; lastKnownFileType = sourcecode.swift; path = ProfileViewController.swift; sourceTree = "<group>"; };
		5C077C9B22105C550081F3DD /* Base */ = {isa = PBXFileReference; lastKnownFileType = file.storyboard; name = Base; path = Base.lproj/Main.storyboard; sourceTree = "<group>"; };
		5C077C9D22105C560081F3DD /* Assets.xcassets */ = {isa = PBXFileReference; lastKnownFileType = folder.assetcatalog; path = Assets.xcassets; sourceTree = "<group>"; };
		5C077CA022105C560081F3DD /* Base */ = {isa = PBXFileReference; lastKnownFileType = file.storyboard; name = Base; path = Base.lproj/LaunchScreen.storyboard; sourceTree = "<group>"; };
		5C077CA222105C560081F3DD /* Info.plist */ = {isa = PBXFileReference; lastKnownFileType = text.plist.xml; path = Info.plist; sourceTree = "<group>"; };
		5C11918C225A8E420099138F /* MessageCellsService.swift */ = {isa = PBXFileReference; lastKnownFileType = sourcecode.swift; path = MessageCellsService.swift; sourceTree = "<group>"; };
		5C11918F225A93980099138F /* KeyboardServiceProtocol.swift */ = {isa = PBXFileReference; lastKnownFileType = sourcecode.swift; path = KeyboardServiceProtocol.swift; sourceTree = "<group>"; };
		5C119191225A939E0099138F /* KeyboardMessagesService.swift */ = {isa = PBXFileReference; lastKnownFileType = sourcecode.swift; path = KeyboardMessagesService.swift; sourceTree = "<group>"; };
		5C119193225A98F30099138F /* KeyboardProfileService.swift */ = {isa = PBXFileReference; lastKnownFileType = sourcecode.swift; path = KeyboardProfileService.swift; sourceTree = "<group>"; };
		5C1191A0225AA0580099138F /* MessageCellsServiceProtocol.swift */ = {isa = PBXFileReference; lastKnownFileType = sourcecode.swift; path = MessageCellsServiceProtocol.swift; sourceTree = "<group>"; };
		5C1191AE225AA3630099138F /* UserServiceProtocol.swift */ = {isa = PBXFileReference; lastKnownFileType = sourcecode.swift; path = UserServiceProtocol.swift; sourceTree = "<group>"; };
		5C1191B1225BE1EF0099138F /* ThemeServiceProtocol.swift */ = {isa = PBXFileReference; lastKnownFileType = sourcecode.swift; path = ThemeServiceProtocol.swift; sourceTree = "<group>"; };
		5C1191B4225BE2ED0099138F /* UserProtocol.swift */ = {isa = PBXFileReference; lastKnownFileType = sourcecode.swift; path = UserProtocol.swift; sourceTree = "<group>"; };
		5C1191B6225BE3B00099138F /* ThemesView.swift */ = {isa = PBXFileReference; lastKnownFileType = sourcecode.swift; path = ThemesView.swift; sourceTree = "<group>"; };
		5C1191BA225BE9820099138F /* MultipeerCommunicatorProtocol.swift */ = {isa = PBXFileReference; lastKnownFileType = sourcecode.swift; path = MultipeerCommunicatorProtocol.swift; sourceTree = "<group>"; };
		5C1191BD225BE9E80099138F /* CoreDataManagerProtocol.swift */ = {isa = PBXFileReference; lastKnownFileType = sourcecode.swift; path = CoreDataManagerProtocol.swift; sourceTree = "<group>"; };
		5C1191C0225BEC6B0099138F /* UserProfileCDServiceProtocol.swift */ = {isa = PBXFileReference; lastKnownFileType = sourcecode.swift; path = UserProfileCDServiceProtocol.swift; sourceTree = "<group>"; };
		5C348416222E739F00020CC8 /* ThemesViewController.swift */ = {isa = PBXFileReference; lastKnownFileType = sourcecode.swift; path = ThemesViewController.swift; sourceTree = "<group>"; };
		5C3874E82222AFF50041E5F3 /* MessageTableViewCell.swift */ = {isa = PBXFileReference; lastKnownFileType = sourcecode.swift; path = MessageTableViewCell.swift; sourceTree = "<group>"; };
		5C40D431224834630073E0FC /* CoreDataManager.swift */ = {isa = PBXFileReference; lastKnownFileType = sourcecode.swift; path = CoreDataManager.swift; sourceTree = "<group>"; };
		5C40D433224838170073E0FC /* UserProfileData.swift */ = {isa = PBXFileReference; lastKnownFileType = sourcecode.swift; path = UserProfileData.swift; sourceTree = "<group>"; };
		5C40D435224838470073E0FC /* UserProfileCDService.swift */ = {isa = PBXFileReference; lastKnownFileType = sourcecode.swift; path = UserProfileCDService.swift; sourceTree = "<group>"; };
		5C40D4382248386D0073E0FC /* TigramStorage.xcdatamodel */ = {isa = PBXFileReference; lastKnownFileType = wrapper.xcdatamodel; path = TigramStorage.xcdatamodel; sourceTree = "<group>"; };
		5C4AACFA222292C400EAB2ED /* ConversationViewController.swift */ = {isa = PBXFileReference; lastKnownFileType = sourcecode.swift; path = ConversationViewController.swift; sourceTree = "<group>"; };
		5C6284742221AE6900726D44 /* ConversationsListViewController.swift */ = {isa = PBXFileReference; lastKnownFileType = sourcecode.swift; path = ConversationsListViewController.swift; sourceTree = "<group>"; };
		5C6284762221B10200726D44 /* ChatWindowTableViewCell.swift */ = {isa = PBXFileReference; lastKnownFileType = sourcecode.swift; path = ChatWindowTableViewCell.swift; sourceTree = "<group>"; };
		5C6BE14222383B4000C7819D /* GCDDataService.swift */ = {isa = PBXFileReference; lastKnownFileType = sourcecode.swift; path = GCDDataService.swift; sourceTree = "<group>"; };
		5C6BE14422383B4E00C7819D /* OperationDataService.swift */ = {isa = PBXFileReference; lastKnownFileType = sourcecode.swift; path = OperationDataService.swift; sourceTree = "<group>"; };
		5C6BE14622383C6500C7819D /* DataServiceProtocol.swift */ = {isa = PBXFileReference; lastKnownFileType = sourcecode.swift; path = DataServiceProtocol.swift; sourceTree = "<group>"; };
		5C6BE14822384B6100C7819D /* User.swift */ = {isa = PBXFileReference; lastKnownFileType = sourcecode.swift; path = User.swift; sourceTree = "<group>"; };
		5C6BE14A22384B8100C7819D /* UserService.swift */ = {isa = PBXFileReference; lastKnownFileType = sourcecode.swift; path = UserService.swift; sourceTree = "<group>"; };
		5C6BE16C223996B900C7819D /* ThemeService.swift */ = {isa = PBXFileReference; lastKnownFileType = sourcecode.swift; path = ThemeService.swift; sourceTree = "<group>"; };
		5CA40DB9223ECB0700065200 /* MultipeerCommunicator.swift */ = {isa = PBXFileReference; lastKnownFileType = sourcecode.swift; path = MultipeerCommunicator.swift; sourceTree = "<group>"; };
		5CA40DBB223ECB2100065200 /* CommunicatorServiceProtocol.swift */ = {isa = PBXFileReference; lastKnownFileType = sourcecode.swift; path = CommunicatorServiceProtocol.swift; sourceTree = "<group>"; };
		5CA40DBD223ECB3800065200 /* CommunicatorService.swift */ = {isa = PBXFileReference; lastKnownFileType = sourcecode.swift; path = CommunicatorService.swift; sourceTree = "<group>"; };
		5CECAC1C2252B39300D8514B /* Message+CoreDataClass.swift */ = {isa = PBXFileReference; lastKnownFileType = sourcecode.swift; path = "Message+CoreDataClass.swift"; sourceTree = "<group>"; };
		5CECAC1D2252B39300D8514B /* Message+CoreDataProperties.swift */ = {isa = PBXFileReference; lastKnownFileType = sourcecode.swift; path = "Message+CoreDataProperties.swift"; sourceTree = "<group>"; };
		5CECAC1E2252B39300D8514B /* Conversation+CoreDataClass.swift */ = {isa = PBXFileReference; lastKnownFileType = sourcecode.swift; path = "Conversation+CoreDataClass.swift"; sourceTree = "<group>"; };
		5CECAC1F2252B39300D8514B /* Conversation+CoreDataProperties.swift */ = {isa = PBXFileReference; lastKnownFileType = sourcecode.swift; path = "Conversation+CoreDataProperties.swift"; sourceTree = "<group>"; };
		5CECAC302253F7C100D8514B /* ChatUser+CoreDataClass.swift */ = {isa = PBXFileReference; lastKnownFileType = sourcecode.swift; path = "ChatUser+CoreDataClass.swift"; sourceTree = "<group>"; };
		5CECAC312253F7C100D8514B /* ChatUser+CoreDataProperties.swift */ = {isa = PBXFileReference; lastKnownFileType = sourcecode.swift; path = "ChatUser+CoreDataProperties.swift"; sourceTree = "<group>"; };
		5CECAC38225944B100D8514B /* FRCDelegate.swift */ = {isa = PBXFileReference; lastKnownFileType = sourcecode.swift; path = FRCDelegate.swift; sourceTree = "<group>"; };
		5CECAC3A22594B0700D8514B /* ProfileView.swift */ = {isa = PBXFileReference; lastKnownFileType = sourcecode.swift; path = ProfileView.swift; sourceTree = "<group>"; };
		888EFD4087BF30755493AA1C /* Pods-Tigram.release.xcconfig */ = {isa = PBXFileReference; includeInIndex = 1; lastKnownFileType = text.xcconfig; name = "Pods-Tigram.release.xcconfig"; path = "Target Support Files/Pods-Tigram/Pods-Tigram.release.xcconfig"; sourceTree = "<group>"; };
		F52148FF529C8BBC43E903F3 /* Pods_Tigram.framework */ = {isa = PBXFileReference; explicitFileType = wrapper.framework; includeInIndex = 0; path = Pods_Tigram.framework; sourceTree = BUILT_PRODUCTS_DIR; };
/* End PBXFileReference section */

/* Begin PBXFrameworksBuildPhase section */
		5C077C9022105C550081F3DD /* Frameworks */ = {
			isa = PBXFrameworksBuildPhase;
			buildActionMask = 2147483647;
			files = (
				621E36B7FA273CD361DD3B2A /* Pods_Tigram.framework in Frameworks */,
			);
			runOnlyForDeploymentPostprocessing = 0;
		};
/* End PBXFrameworksBuildPhase section */

/* Begin PBXGroup section */
		5C077C8A22105C550081F3DD = {
			isa = PBXGroup;
			children = (
				5C077C9522105C550081F3DD /* Tigram */,
				5C077C9422105C550081F3DD /* Products */,
				C65527DA648AE3BBAEB997F9 /* Pods */,
				A831AB036CA745A43FB00241 /* Frameworks */,
			);
			sourceTree = "<group>";
		};
		5C077C9422105C550081F3DD /* Products */ = {
			isa = PBXGroup;
			children = (
				5C077C9322105C550081F3DD /* Tigram.app */,
			);
			name = Products;
			sourceTree = "<group>";
		};
		5C077C9522105C550081F3DD /* Tigram */ = {
			isa = PBXGroup;
			children = (
				5C077CA222105C560081F3DD /* Info.plist */,
				5CECAC372259440C00D8514B /* Supporting Files */,
				5CECAC34225943AF00D8514B /* PresentationLayer */,
				5CECAC35225943C000D8514B /* ServiceLayer */,
				5CECAC36225943D100D8514B /* CoreLayer */,
				5C077C9622105C550081F3DD /* AppDelegate.swift */,
			);
			path = Tigram;
			sourceTree = "<group>";
		};
		5C11918E225A938A0099138F /* KeyboardService */ = {
			isa = PBXGroup;
			children = (
				5C11918F225A93980099138F /* KeyboardServiceProtocol.swift */,
				5C119191225A939E0099138F /* KeyboardMessagesService.swift */,
				5C119193225A98F30099138F /* KeyboardProfileService.swift */,
			);
			path = KeyboardService;
			sourceTree = "<group>";
		};
		5C119197225A9E770099138F /* Modules */ = {
			isa = PBXGroup;
			children = (
				5C119198225A9EA60099138F /* ConversationsList */,
				5C119199225A9EBE0099138F /* ConversationWithUser */,
				5C11919B225A9EEE0099138F /* ThemesChoosing */,
				5C11919A225A9EE10099138F /* Profile */,
			);
			path = Modules;
			sourceTree = "<group>";
		};
		5C119198225A9EA60099138F /* ConversationsList */ = {
			isa = PBXGroup;
			children = (
				5C11919D225AA0110099138F /* Model */,
				5C11919F225AA01F0099138F /* View */,
				5C11919E225AA0170099138F /* Controller */,
			);
			path = ConversationsList;
			sourceTree = "<group>";
		};
		5C119199225A9EBE0099138F /* ConversationWithUser */ = {
			isa = PBXGroup;
			children = (
				5C1191A3225AA0D70099138F /* Model */,
				5C1191A5225AA0E60099138F /* View */,
				5C1191A4225AA0DD0099138F /* Controller */,
			);
			path = ConversationWithUser;
			sourceTree = "<group>";
		};
		5C11919A225A9EE10099138F /* Profile */ = {
			isa = PBXGroup;
			children = (
				5C1191AB225AA1160099138F /* Model */,
				5C1191AA225AA1100099138F /* View */,
				5C1191A9225AA1080099138F /* Controller */,
			);
			path = Profile;
			sourceTree = "<group>";
		};
		5C11919B225A9EEE0099138F /* ThemesChoosing */ = {
			isa = PBXGroup;
			children = (
				5C1191A8225AA1000099138F /* Model */,
				5C1191A7225AA0FA0099138F /* View */,
				5C1191A6225AA0F30099138F /* Controller */,
			);
			path = ThemesChoosing;
			sourceTree = "<group>";
		};
		5C11919C225A9FC40099138F /* Services */ = {
			isa = PBXGroup;
			children = (
				5C1191B0225BE1780099138F /* DataService */,
				5C1191A2225AA05D0099138F /* MessageCellsService */,
				5C11918E225A938A0099138F /* KeyboardService */,
				5C1191C3225BEDF50099138F /* FRCDelegate */,
				5C1191C2225BECCC0099138F /* UserProfileCDService */,
				5C1191B3225BE2640099138F /* CommunicatorService */,
				5C1191AD225AA34F0099138F /* UserService */,
				5C1191AC225AA2B80099138F /* ThemeService */,
			);
			path = Services;
			sourceTree = "<group>";
		};
		5C11919D225AA0110099138F /* Model */ = {
			isa = PBXGroup;
			children = (
				5CECAC302253F7C100D8514B /* ChatUser+CoreDataClass.swift */,
				5CECAC312253F7C100D8514B /* ChatUser+CoreDataProperties.swift */,
				5CECAC1E2252B39300D8514B /* Conversation+CoreDataClass.swift */,
				5CECAC1F2252B39300D8514B /* Conversation+CoreDataProperties.swift */,
			);
			path = Model;
			sourceTree = "<group>";
		};
		5C11919E225AA0170099138F /* Controller */ = {
			isa = PBXGroup;
			children = (
				5C6284742221AE6900726D44 /* ConversationsListViewController.swift */,
			);
			path = Controller;
			sourceTree = "<group>";
		};
		5C11919F225AA01F0099138F /* View */ = {
			isa = PBXGroup;
			children = (
				5C6284762221B10200726D44 /* ChatWindowTableViewCell.swift */,
			);
			path = View;
			sourceTree = "<group>";
		};
		5C1191A2225AA05D0099138F /* MessageCellsService */ = {
			isa = PBXGroup;
			children = (
				5C1191A0225AA0580099138F /* MessageCellsServiceProtocol.swift */,
				5C11918C225A8E420099138F /* MessageCellsService.swift */,
			);
			path = MessageCellsService;
			sourceTree = "<group>";
		};
		5C1191A3225AA0D70099138F /* Model */ = {
			isa = PBXGroup;
			children = (
				5CECAC1C2252B39300D8514B /* Message+CoreDataClass.swift */,
				5CECAC1D2252B39300D8514B /* Message+CoreDataProperties.swift */,
			);
			path = Model;
			sourceTree = "<group>";
		};
		5C1191A4225AA0DD0099138F /* Controller */ = {
			isa = PBXGroup;
			children = (
				5C4AACFA222292C400EAB2ED /* ConversationViewController.swift */,
			);
			path = Controller;
			sourceTree = "<group>";
		};
		5C1191A5225AA0E60099138F /* View */ = {
			isa = PBXGroup;
			children = (
				5C3874E82222AFF50041E5F3 /* MessageTableViewCell.swift */,
			);
			path = View;
			sourceTree = "<group>";
		};
		5C1191A6225AA0F30099138F /* Controller */ = {
			isa = PBXGroup;
			children = (
				5C02DDAD222B2AD90038E4CF /* ThemesViewController.h */,
				5C02DDB5222B38D80038E4CF /* ThemesViewController.m */,
				5C348416222E739F00020CC8 /* ThemesViewController.swift */,
			);
			path = Controller;
			sourceTree = "<group>";
		};
		5C1191A7225AA0FA0099138F /* View */ = {
			isa = PBXGroup;
			children = (
				5C1191B6225BE3B00099138F /* ThemesView.swift */,
			);
			path = View;
			sourceTree = "<group>";
		};
		5C1191A8225AA1000099138F /* Model */ = {
			isa = PBXGroup;
			children = (
				5C02DDB7222B393F0038E4CF /* Themes.h */,
				5C02DDB8222B39490038E4CF /* Themes.m */,
				5C02DDBA222B3AB70038E4CF /* ThemesViewControllerDelegate.h */,
			);
			path = Model;
			sourceTree = "<group>";
		};
		5C1191A9225AA1080099138F /* Controller */ = {
			isa = PBXGroup;
			children = (
				5C077C9822105C550081F3DD /* ProfileViewController.swift */,
			);
			path = Controller;
			sourceTree = "<group>";
		};
		5C1191AA225AA1100099138F /* View */ = {
			isa = PBXGroup;
			children = (
				5CECAC3A22594B0700D8514B /* ProfileView.swift */,
			);
			path = View;
			sourceTree = "<group>";
		};
		5C1191AB225AA1160099138F /* Model */ = {
			isa = PBXGroup;
			children = (
				5C40D433224838170073E0FC /* UserProfileData.swift */,
				5C1191B4225BE2ED0099138F /* UserProtocol.swift */,
				5C6BE14822384B6100C7819D /* User.swift */,
			);
			path = Model;
			sourceTree = "<group>";
		};
		5C1191AC225AA2B80099138F /* ThemeService */ = {
			isa = PBXGroup;
			children = (
				5C1191B1225BE1EF0099138F /* ThemeServiceProtocol.swift */,
				5C6BE16C223996B900C7819D /* ThemeService.swift */,
			);
			path = ThemeService;
			sourceTree = "<group>";
		};
		5C1191AD225AA34F0099138F /* UserService */ = {
			isa = PBXGroup;
			children = (
				5C1191AE225AA3630099138F /* UserServiceProtocol.swift */,
				5C6BE14A22384B8100C7819D /* UserService.swift */,
			);
			path = UserService;
			sourceTree = "<group>";
		};
		5C1191B0225BE1780099138F /* DataService */ = {
			isa = PBXGroup;
			children = (
				5C6BE14622383C6500C7819D /* DataServiceProtocol.swift */,
				5C6BE14222383B4000C7819D /* GCDDataService.swift */,
				5C6BE14422383B4E00C7819D /* OperationDataService.swift */,
			);
			path = DataService;
			sourceTree = "<group>";
		};
		5C1191B3225BE2640099138F /* CommunicatorService */ = {
			isa = PBXGroup;
			children = (
				5CA40DBB223ECB2100065200 /* CommunicatorServiceProtocol.swift */,
				5CA40DBD223ECB3800065200 /* CommunicatorService.swift */,
			);
			path = CommunicatorService;
			sourceTree = "<group>";
		};
		5C1191B9225BE96E0099138F /* Communicator */ = {
			isa = PBXGroup;
			children = (
				5C1191BA225BE9820099138F /* MultipeerCommunicatorProtocol.swift */,
				5CA40DB9223ECB0700065200 /* MultipeerCommunicator.swift */,
			);
			path = Communicator;
			sourceTree = "<group>";
		};
		5C1191BC225BE99E0099138F /* CoreData */ = {
			isa = PBXGroup;
			children = (
				5C1191BD225BE9E80099138F /* CoreDataManagerProtocol.swift */,
				5C40D431224834630073E0FC /* CoreDataManager.swift */,
				5C40D4372248386D0073E0FC /* TigramStorage.xcdatamodeld */,
			);
			path = CoreData;
			sourceTree = "<group>";
		};
		5C1191BF225BEC0B0099138F /* Storyboards */ = {
			isa = PBXGroup;
			children = (
				5C077C9A22105C550081F3DD /* Main.storyboard */,
				5C077C9F22105C560081F3DD /* LaunchScreen.storyboard */,
			);
			path = Storyboards;
			sourceTree = "<group>";
		};
		5C1191C2225BECCC0099138F /* UserProfileCDService */ = {
			isa = PBXGroup;
			children = (
				5C1191C0225BEC6B0099138F /* UserProfileCDServiceProtocol.swift */,
				5C40D435224838470073E0FC /* UserProfileCDService.swift */,
			);
			path = UserProfileCDService;
			sourceTree = "<group>";
		};
		5C1191C3225BEDF50099138F /* FRCDelegate */ = {
			isa = PBXGroup;
			children = (
				5CECAC38225944B100D8514B /* FRCDelegate.swift */,
			);
			path = FRCDelegate;
			sourceTree = "<group>";
		};
		5CECAC34225943AF00D8514B /* PresentationLayer */ = {
			isa = PBXGroup;
			children = (
				5C1191BF225BEC0B0099138F /* Storyboards */,
				5C119197225A9E770099138F /* Modules */,
			);
			path = PresentationLayer;
			sourceTree = "<group>";
		};
		5CECAC35225943C000D8514B /* ServiceLayer */ = {
			isa = PBXGroup;
			children = (
				5C11919C225A9FC40099138F /* Services */,
			);
			path = ServiceLayer;
			sourceTree = "<group>";
		};
		5CECAC36225943D100D8514B /* CoreLayer */ = {
			isa = PBXGroup;
			children = (
				5C1191BC225BE99E0099138F /* CoreData */,
				5C1191B9225BE96E0099138F /* Communicator */,
			);
			path = CoreLayer;
			sourceTree = "<group>";
		};
		5CECAC372259440C00D8514B /* Supporting Files */ = {
			isa = PBXGroup;
			children = (
				5C02DDB4222B38D80038E4CF /* Tigram-Bridging-Header.h */,
				5C077C9D22105C560081F3DD /* Assets.xcassets */,
			);
			path = "Supporting Files";
			sourceTree = "<group>";
		};
		A831AB036CA745A43FB00241 /* Frameworks */ = {
			isa = PBXGroup;
			children = (
				F52148FF529C8BBC43E903F3 /* Pods_Tigram.framework */,
			);
			name = Frameworks;
			sourceTree = "<group>";
		};
		C65527DA648AE3BBAEB997F9 /* Pods */ = {
			isa = PBXGroup;
			children = (
				3D977DE183DC200EA93A7659 /* Pods-Tigram.debug.xcconfig */,
				888EFD4087BF30755493AA1C /* Pods-Tigram.release.xcconfig */,
			);
			path = Pods;
			sourceTree = "<group>";
		};
/* End PBXGroup section */

/* Begin PBXNativeTarget section */
		5C077C9222105C550081F3DD /* Tigram */ = {
			isa = PBXNativeTarget;
			buildConfigurationList = 5C077CA522105C560081F3DD /* Build configuration list for PBXNativeTarget "Tigram" */;
			buildPhases = (
				5C1976A5224FC9E700F55F32 /* ShellScript */,
				C31AB35040B850F90B999B6B /* [CP] Check Pods Manifest.lock */,
				5C077C8F22105C550081F3DD /* Sources */,
				5C077C9022105C550081F3DD /* Frameworks */,
				5C077C9122105C550081F3DD /* Resources */,
			);
			buildRules = (
			);
			dependencies = (
			);
			name = Tigram;
			productName = Tigram;
			productReference = 5C077C9322105C550081F3DD /* Tigram.app */;
			productType = "com.apple.product-type.application";
		};
/* End PBXNativeTarget section */

/* Begin PBXProject section */
		5C077C8B22105C550081F3DD /* Project object */ = {
			isa = PBXProject;
			attributes = {
				LastSwiftUpdateCheck = 1010;
				LastUpgradeCheck = 1010;
				ORGANIZATIONNAME = "Margarita Konnova";
				TargetAttributes = {
					5C077C9222105C550081F3DD = {
						CreatedOnToolsVersion = 10.1;
						LastSwiftMigration = 1010;
						SystemCapabilities = {
							com.apple.ApplicationGroups.iOS = {
								enabled = 0;
							};
							com.apple.Keychain = {
								enabled = 0;
							};
						};
					};
				};
			};
			buildConfigurationList = 5C077C8E22105C550081F3DD /* Build configuration list for PBXProject "Tigram" */;
			compatibilityVersion = "Xcode 9.3";
			developmentRegion = en;
			hasScannedForEncodings = 0;
			knownRegions = (
				en,
				Base,
			);
			mainGroup = 5C077C8A22105C550081F3DD;
			productRefGroup = 5C077C9422105C550081F3DD /* Products */;
			projectDirPath = "";
			projectRoot = "";
			targets = (
				5C077C9222105C550081F3DD /* Tigram */,
			);
		};
/* End PBXProject section */

/* Begin PBXResourcesBuildPhase section */
		5C077C9122105C550081F3DD /* Resources */ = {
			isa = PBXResourcesBuildPhase;
			buildActionMask = 2147483647;
			files = (
				5C077CA122105C560081F3DD /* LaunchScreen.storyboard in Resources */,
				5C077C9E22105C560081F3DD /* Assets.xcassets in Resources */,
				5C077C9C22105C550081F3DD /* Main.storyboard in Resources */,
			);
			runOnlyForDeploymentPostprocessing = 0;
		};
/* End PBXResourcesBuildPhase section */

/* Begin PBXShellScriptBuildPhase section */
		5C1976A5224FC9E700F55F32 /* ShellScript */ = {
			isa = PBXShellScriptBuildPhase;
			buildActionMask = 2147483647;
			files = (
			);
			inputFileListPaths = (
			);
			inputPaths = (
			);
			outputFileListPaths = (
			);
			outputPaths = (
			);
			runOnlyForDeploymentPostprocessing = 0;
			shellPath = /bin/sh;
			shellScript = "\"${PODS_ROOT}/SwiftLint/swiftlint\"\n";
		};
		C31AB35040B850F90B999B6B /* [CP] Check Pods Manifest.lock */ = {
			isa = PBXShellScriptBuildPhase;
			buildActionMask = 2147483647;
			files = (
			);
			inputFileListPaths = (
			);
			inputPaths = (
				"${PODS_PODFILE_DIR_PATH}/Podfile.lock",
				"${PODS_ROOT}/Manifest.lock",
			);
			name = "[CP] Check Pods Manifest.lock";
			outputFileListPaths = (
			);
			outputPaths = (
				"$(DERIVED_FILE_DIR)/Pods-Tigram-checkManifestLockResult.txt",
			);
			runOnlyForDeploymentPostprocessing = 0;
			shellPath = /bin/sh;
			shellScript = "diff \"${PODS_PODFILE_DIR_PATH}/Podfile.lock\" \"${PODS_ROOT}/Manifest.lock\" > /dev/null\nif [ $? != 0 ] ; then\n    # print error to STDERR\n    echo \"error: The sandbox is not in sync with the Podfile.lock. Run 'pod install' or update your CocoaPods installation.\" >&2\n    exit 1\nfi\n# This output is used by Xcode 'outputs' to avoid re-running this script phase.\necho \"SUCCESS\" > \"${SCRIPT_OUTPUT_FILE_0}\"\n";
			showEnvVarsInLog = 0;
		};
/* End PBXShellScriptBuildPhase section */

/* Begin PBXSourcesBuildPhase section */
		5C077C8F22105C550081F3DD /* Sources */ = {
			isa = PBXSourcesBuildPhase;
			buildActionMask = 2147483647;
			files = (
				5C1191BE225BE9E80099138F /* CoreDataManagerProtocol.swift in Sources */,
				5C1191AF225AA3630099138F /* UserServiceProtocol.swift in Sources */,
				5CECAC2E2253F7A600D8514B /* User.swift in Sources */,
				5C02DDB9222B39490038E4CF /* Themes.m in Sources */,
				5C6BE14522383B4E00C7819D /* OperationDataService.swift in Sources */,
				5C40D434224838170073E0FC /* UserProfileData.swift in Sources */,
				5CA40DBA223ECB0700065200 /* MultipeerCommunicator.swift in Sources */,
				5C1191A1225AA0580099138F /* MessageCellsServiceProtocol.swift in Sources */,
				5C40D432224834630073E0FC /* CoreDataManager.swift in Sources */,
				5C077C9922105C550081F3DD /* ProfileViewController.swift in Sources */,
				5C6BE14722383C6500C7819D /* DataServiceProtocol.swift in Sources */,
				5C077C9722105C550081F3DD /* AppDelegate.swift in Sources */,
				5C1191C1225BEC6B0099138F /* UserProfileCDServiceProtocol.swift in Sources */,
				5CECAC202252B39300D8514B /* Message+CoreDataClass.swift in Sources */,
				5CA40DBC223ECB2100065200 /* CommunicatorServiceProtocol.swift in Sources */,
				5CECAC3B22594B0700D8514B /* ProfileView.swift in Sources */,
				5C4AACFB222292C400EAB2ED /* ConversationViewController.swift in Sources */,
				5CA40DBE223ECB3800065200 /* CommunicatorService.swift in Sources */,
				5C1191B8225BE42A0099138F /* ThemesViewController.swift in Sources */,
				5C6284752221AE6900726D44 /* ConversationsListViewController.swift in Sources */,
				5CECAC232252B39300D8514B /* Conversation+CoreDataProperties.swift in Sources */,
				5C6284782221B10200726D44 /* ChatWindowTableViewCell.swift in Sources */,
				5CECAC322253F7C100D8514B /* ChatUser+CoreDataClass.swift in Sources */,
				5CECAC2F2253F7A800D8514B /* UserService.swift in Sources */,
				5C119190225A93980099138F /* KeyboardServiceProtocol.swift in Sources */,
				5C6BE14322383B4000C7819D /* GCDDataService.swift in Sources */,
				5C1191BB225BE9820099138F /* MultipeerCommunicatorProtocol.swift in Sources */,
				5C1191B5225BE2ED0099138F /* UserProtocol.swift in Sources */,
				5C40D4392248386D0073E0FC /* TigramStorage.xcdatamodeld in Sources */,
				5C3874E92222AFF50041E5F3 /* MessageTableViewCell.swift in Sources */,
				5CECAC39225944B100D8514B /* FRCDelegate.swift in Sources */,
				5C1191B7225BE3B00099138F /* ThemesView.swift in Sources */,
				5CECAC222252B39300D8514B /* Conversation+CoreDataClass.swift in Sources */,
				5C119194225A98F30099138F /* KeyboardProfileService.swift in Sources */,
				5C6BE16D223996B900C7819D /* ThemeService.swift in Sources */,
				5CECAC212252B39300D8514B /* Message+CoreDataProperties.swift in Sources */,
				5C1191B2225BE1EF0099138F /* ThemeServiceProtocol.swift in Sources */,
				5C119192225A939E0099138F /* KeyboardMessagesService.swift in Sources */,
				5C40D436224838470073E0FC /* UserProfileCDService.swift in Sources */,
				5CECAC332253F7C100D8514B /* ChatUser+CoreDataProperties.swift in Sources */,
				5C11918D225A8E420099138F /* MessageCellsService.swift in Sources */,
			);
			runOnlyForDeploymentPostprocessing = 0;
		};
/* End PBXSourcesBuildPhase section */

/* Begin PBXVariantGroup section */
		5C077C9A22105C550081F3DD /* Main.storyboard */ = {
			isa = PBXVariantGroup;
			children = (
				5C077C9B22105C550081F3DD /* Base */,
			);
			name = Main.storyboard;
			sourceTree = "<group>";
		};
		5C077C9F22105C560081F3DD /* LaunchScreen.storyboard */ = {
			isa = PBXVariantGroup;
			children = (
				5C077CA022105C560081F3DD /* Base */,
			);
			name = LaunchScreen.storyboard;
			sourceTree = "<group>";
		};
/* End PBXVariantGroup section */

/* Begin XCBuildConfiguration section */
		5C077CA322105C560081F3DD /* Debug */ = {
			isa = XCBuildConfiguration;
			buildSettings = {
				ALWAYS_SEARCH_USER_PATHS = NO;
				CLANG_ANALYZER_NONNULL = YES;
				CLANG_ANALYZER_NUMBER_OBJECT_CONVERSION = YES_AGGRESSIVE;
				CLANG_CXX_LANGUAGE_STANDARD = "gnu++14";
				CLANG_CXX_LIBRARY = "libc++";
				CLANG_ENABLE_MODULES = YES;
				CLANG_ENABLE_OBJC_ARC = YES;
				CLANG_ENABLE_OBJC_WEAK = YES;
				CLANG_WARN_BLOCK_CAPTURE_AUTORELEASING = YES;
				CLANG_WARN_BOOL_CONVERSION = YES;
				CLANG_WARN_COMMA = YES;
				CLANG_WARN_CONSTANT_CONVERSION = YES;
				CLANG_WARN_DEPRECATED_OBJC_IMPLEMENTATIONS = YES;
				CLANG_WARN_DIRECT_OBJC_ISA_USAGE = YES_ERROR;
				CLANG_WARN_DOCUMENTATION_COMMENTS = YES;
				CLANG_WARN_EMPTY_BODY = YES;
				CLANG_WARN_ENUM_CONVERSION = YES;
				CLANG_WARN_INFINITE_RECURSION = YES;
				CLANG_WARN_INT_CONVERSION = YES;
				CLANG_WARN_NON_LITERAL_NULL_CONVERSION = YES;
				CLANG_WARN_OBJC_IMPLICIT_RETAIN_SELF = YES;
				CLANG_WARN_OBJC_LITERAL_CONVERSION = YES;
				CLANG_WARN_OBJC_ROOT_CLASS = YES_ERROR;
				CLANG_WARN_RANGE_LOOP_ANALYSIS = YES;
				CLANG_WARN_STRICT_PROTOTYPES = YES;
				CLANG_WARN_SUSPICIOUS_MOVE = YES;
				CLANG_WARN_UNGUARDED_AVAILABILITY = YES_AGGRESSIVE;
				CLANG_WARN_UNREACHABLE_CODE = YES;
				CLANG_WARN__DUPLICATE_METHOD_MATCH = YES;
				CODE_SIGN_IDENTITY = "iPhone Developer";
				COPY_PHASE_STRIP = NO;
				DEBUG_INFORMATION_FORMAT = dwarf;
				ENABLE_STRICT_OBJC_MSGSEND = YES;
				ENABLE_TESTABILITY = YES;
				GCC_C_LANGUAGE_STANDARD = gnu11;
				GCC_DYNAMIC_NO_PIC = NO;
				GCC_NO_COMMON_BLOCKS = YES;
				GCC_OPTIMIZATION_LEVEL = 0;
				GCC_PREPROCESSOR_DEFINITIONS = (
					"DEBUG=1",
					"$(inherited)",
				);
				GCC_WARN_64_TO_32_BIT_CONVERSION = YES;
				GCC_WARN_ABOUT_RETURN_TYPE = YES_ERROR;
				GCC_WARN_UNDECLARED_SELECTOR = YES;
				GCC_WARN_UNINITIALIZED_AUTOS = YES_AGGRESSIVE;
				GCC_WARN_UNUSED_FUNCTION = YES;
				GCC_WARN_UNUSED_VARIABLE = YES;
				IPHONEOS_DEPLOYMENT_TARGET = 12.1;
				MTL_ENABLE_DEBUG_INFO = INCLUDE_SOURCE;
				MTL_FAST_MATH = YES;
				ONLY_ACTIVE_ARCH = YES;
				SDKROOT = iphoneos;
				SWIFT_ACTIVE_COMPILATION_CONDITIONS = DEBUG;
				SWIFT_OPTIMIZATION_LEVEL = "-Onone";
			};
			name = Debug;
		};
		5C077CA422105C560081F3DD /* Release */ = {
			isa = XCBuildConfiguration;
			buildSettings = {
				ALWAYS_SEARCH_USER_PATHS = NO;
				CLANG_ANALYZER_NONNULL = YES;
				CLANG_ANALYZER_NUMBER_OBJECT_CONVERSION = YES_AGGRESSIVE;
				CLANG_CXX_LANGUAGE_STANDARD = "gnu++14";
				CLANG_CXX_LIBRARY = "libc++";
				CLANG_ENABLE_MODULES = YES;
				CLANG_ENABLE_OBJC_ARC = YES;
				CLANG_ENABLE_OBJC_WEAK = YES;
				CLANG_WARN_BLOCK_CAPTURE_AUTORELEASING = YES;
				CLANG_WARN_BOOL_CONVERSION = YES;
				CLANG_WARN_COMMA = YES;
				CLANG_WARN_CONSTANT_CONVERSION = YES;
				CLANG_WARN_DEPRECATED_OBJC_IMPLEMENTATIONS = YES;
				CLANG_WARN_DIRECT_OBJC_ISA_USAGE = YES_ERROR;
				CLANG_WARN_DOCUMENTATION_COMMENTS = YES;
				CLANG_WARN_EMPTY_BODY = YES;
				CLANG_WARN_ENUM_CONVERSION = YES;
				CLANG_WARN_INFINITE_RECURSION = YES;
				CLANG_WARN_INT_CONVERSION = YES;
				CLANG_WARN_NON_LITERAL_NULL_CONVERSION = YES;
				CLANG_WARN_OBJC_IMPLICIT_RETAIN_SELF = YES;
				CLANG_WARN_OBJC_LITERAL_CONVERSION = YES;
				CLANG_WARN_OBJC_ROOT_CLASS = YES_ERROR;
				CLANG_WARN_RANGE_LOOP_ANALYSIS = YES;
				CLANG_WARN_STRICT_PROTOTYPES = YES;
				CLANG_WARN_SUSPICIOUS_MOVE = YES;
				CLANG_WARN_UNGUARDED_AVAILABILITY = YES_AGGRESSIVE;
				CLANG_WARN_UNREACHABLE_CODE = YES;
				CLANG_WARN__DUPLICATE_METHOD_MATCH = YES;
				CODE_SIGN_IDENTITY = "iPhone Developer";
				COPY_PHASE_STRIP = NO;
				DEBUG_INFORMATION_FORMAT = "dwarf-with-dsym";
				ENABLE_NS_ASSERTIONS = NO;
				ENABLE_STRICT_OBJC_MSGSEND = YES;
				GCC_C_LANGUAGE_STANDARD = gnu11;
				GCC_NO_COMMON_BLOCKS = YES;
				GCC_WARN_64_TO_32_BIT_CONVERSION = YES;
				GCC_WARN_ABOUT_RETURN_TYPE = YES_ERROR;
				GCC_WARN_UNDECLARED_SELECTOR = YES;
				GCC_WARN_UNINITIALIZED_AUTOS = YES_AGGRESSIVE;
				GCC_WARN_UNUSED_FUNCTION = YES;
				GCC_WARN_UNUSED_VARIABLE = YES;
				IPHONEOS_DEPLOYMENT_TARGET = 12.1;
				MTL_ENABLE_DEBUG_INFO = NO;
				MTL_FAST_MATH = YES;
				SDKROOT = iphoneos;
				SWIFT_COMPILATION_MODE = wholemodule;
				SWIFT_OPTIMIZATION_LEVEL = "-O";
				VALIDATE_PRODUCT = YES;
			};
			name = Release;
		};
		5C077CA622105C560081F3DD /* Debug */ = {
			isa = XCBuildConfiguration;
			baseConfigurationReference = 3D977DE183DC200EA93A7659 /* Pods-Tigram.debug.xcconfig */;
			buildSettings = {
				ASSETCATALOG_COMPILER_APPICON_NAME = AppIcon;
				CLANG_ENABLE_MODULES = YES;
				CLANG_ENABLE_OBJC_ARC = NO;
				CODE_SIGN_IDENTITY = "iPhone Developer";
				CODE_SIGN_STYLE = Automatic;
				DEVELOPMENT_TEAM = 5H7FLBN3TP;
				INFOPLIST_FILE = Tigram/Info.plist;
				IPHONEOS_DEPLOYMENT_TARGET = 11.0;
				LD_RUNPATH_SEARCH_PATHS = (
					"$(inherited)",
					"@executable_path/Frameworks",
				);
				PRODUCT_BUNDLE_IDENTIFIER = tinkoff.fintech.ri.Tigramm;
				PRODUCT_NAME = "$(TARGET_NAME)";
				PROVISIONING_PROFILE_SPECIFIER = "";
				SWIFT_OBJC_BRIDGING_HEADER = "Tigram/Supporting Files/Tigram-Bridging-Header.h";
				SWIFT_OPTIMIZATION_LEVEL = "-Onone";
				SWIFT_VERSION = 4.2;
				TARGETED_DEVICE_FAMILY = "1,2";
			};
			name = Debug;
		};
		5C077CA722105C560081F3DD /* Release */ = {
			isa = XCBuildConfiguration;
			baseConfigurationReference = 888EFD4087BF30755493AA1C /* Pods-Tigram.release.xcconfig */;
			buildSettings = {
				ASSETCATALOG_COMPILER_APPICON_NAME = AppIcon;
				CLANG_ENABLE_MODULES = YES;
				CLANG_ENABLE_OBJC_ARC = NO;
				CODE_SIGN_IDENTITY = "iPhone Developer";
				CODE_SIGN_STYLE = Automatic;
				DEVELOPMENT_TEAM = 5H7FLBN3TP;
				INFOPLIST_FILE = Tigram/Info.plist;
				IPHONEOS_DEPLOYMENT_TARGET = 11.0;
				LD_RUNPATH_SEARCH_PATHS = (
					"$(inherited)",
					"@executable_path/Frameworks",
				);
				PRODUCT_BUNDLE_IDENTIFIER = tinkoff.fintech.ri.Tigramm;
				PRODUCT_NAME = "$(TARGET_NAME)";
				PROVISIONING_PROFILE_SPECIFIER = "";
				SWIFT_OBJC_BRIDGING_HEADER = "Tigram/Supporting Files/Tigram-Bridging-Header.h";
				SWIFT_VERSION = 4.2;
				TARGETED_DEVICE_FAMILY = "1,2";
			};
			name = Release;
		};
/* End XCBuildConfiguration section */

/* Begin XCConfigurationList section */
		5C077C8E22105C550081F3DD /* Build configuration list for PBXProject "Tigram" */ = {
			isa = XCConfigurationList;
			buildConfigurations = (
				5C077CA322105C560081F3DD /* Debug */,
				5C077CA422105C560081F3DD /* Release */,
			);
			defaultConfigurationIsVisible = 0;
			defaultConfigurationName = Release;
		};
		5C077CA522105C560081F3DD /* Build configuration list for PBXNativeTarget "Tigram" */ = {
			isa = XCConfigurationList;
			buildConfigurations = (
				5C077CA622105C560081F3DD /* Debug */,
				5C077CA722105C560081F3DD /* Release */,
			);
			defaultConfigurationIsVisible = 0;
			defaultConfigurationName = Release;
		};
/* End XCConfigurationList section */

/* Begin XCVersionGroup section */
		5C40D4372248386D0073E0FC /* TigramStorage.xcdatamodeld */ = {
			isa = XCVersionGroup;
			children = (
				5C40D4382248386D0073E0FC /* TigramStorage.xcdatamodel */,
			);
			currentVersion = 5C40D4382248386D0073E0FC /* TigramStorage.xcdatamodel */;
			path = TigramStorage.xcdatamodeld;
			sourceTree = "<group>";
			versionGroupType = wrapper.xcdatamodel;
		};
/* End XCVersionGroup section */
	};
	rootObject = 5C077C8B22105C550081F3DD /* Project object */;
}
